
Microsoft Visual Studio Solution File, Format Version 12.00
# Visual Studio Version 16
VisualStudioVersion = 16.0.30002.166
MinimumVisualStudioVersion = 10.0.40219.1
Project("{FAE04EC0-301F-11D3-BF4B-00C04F79EFBC}") = "BankAccount", "BankAccount\BankAccount.csproj", "{B79A83CB-759F-4914-862C-7A8C5861D853}"
EndProject
Global
	GlobalSection(SolutionConfigurationPlatforms) = preSolution
		Debug|Any CPU = Debug|Any CPU
		Release|Any CPU = Release|Any CPU
	EndGlobalSection
	GlobalSection(ProjectConfigurationPlatforms) = postSolution
		{B79A83CB-759F-4914-862C-7A8C5861D853}.Debug|Any CPU.ActiveCfg = Debug|Any CPU
		{B79A83CB-759F-4914-862C-7A8C5861D853}.Debug|Any CPU.Build.0 = Debug|Any CPU
		{B79A83CB-759F-4914-862C-7A8C5861D853}.Release|Any CPU.ActiveCfg = Release|Any CPU
		{B79A83CB-759F-4914-862C-7A8C5861D853}.Release|Any CPU.Build.0 = Release|Any CPU
	EndGlobalSection
	GlobalSection(SolutionProperties) = preSolution
		HideSolutionNode = FALSE
	EndGlobalSection
	GlobalSection(ExtensibilityGlobals) = postSolution
		SolutionGuid = {F3415540-F0FE-4C4B-AAE2-58413B0615C5}
	EndGlobalSection
EndGlobal
